
Microsoft Visual Studio Solution File, Format Version 12.00
# Visual Studio Version 16
VisualStudioVersion = 16.0.30711.63
MinimumVisualStudioVersion = 10.0.40219.1
Project("{FAE04EC0-301F-11D3-BF4B-00C04F79EFBC}") = "Week1Challenges", "Week1Challenges\Week1Challenges.csproj", "{19A1DA3B-7DED-40E0-BB0F-03EA79FDDAD5}"
EndProject
Global
	GlobalSection(SolutionConfigurationPlatforms) = preSolution
		Debug|Any CPU = Debug|Any CPU
		Release|Any CPU = Release|Any CPU
	EndGlobalSection
	GlobalSection(ProjectConfigurationPlatforms) = postSolution
		{19A1DA3B-7DED-40E0-BB0F-03EA79FDDAD5}.Debug|Any CPU.ActiveCfg = Debug|Any CPU
		{19A1DA3B-7DED-40E0-BB0F-03EA79FDDAD5}.Debug|Any CPU.Build.0 = Debug|Any CPU
		{19A1DA3B-7DED-40E0-BB0F-03EA79FDDAD5}.Release|Any CPU.ActiveCfg = Release|Any CPU
		{19A1DA3B-7DED-40E0-BB0F-03EA79FDDAD5}.Release|Any CPU.Build.0 = Release|Any CPU
	EndGlobalSection
	GlobalSection(SolutionProperties) = preSolution
		HideSolutionNode = FALSE
	EndGlobalSection
	GlobalSection(ExtensibilityGlobals) = postSolution
		SolutionGuid = {703B88CE-9C0C-4227-9B99-F48AD759E978}
	EndGlobalSection
EndGlobal
